
Microsoft Visual Studio Solution File, Format Version 12.00
# Visual Studio Version 16
VisualStudioVersion = 16.0.30128.74
MinimumVisualStudioVersion = 10.0.40219.1
Project("{FAE04EC0-301F-11D3-BF4B-00C04F79EFBC}") = "ArrsC", "ArrsC\ArrsC.csproj", "{BA022A7F-8862-4023-99E4-6F4949BCA005}"
EndProject
Global
	GlobalSection(SolutionConfigurationPlatforms) = preSolution
		Debug|Any CPU = Debug|Any CPU
		Release|Any CPU = Release|Any CPU
	EndGlobalSection
	GlobalSection(ProjectConfigurationPlatforms) = postSolution
		{BA022A7F-8862-4023-99E4-6F4949BCA005}.Debug|Any CPU.ActiveCfg = Debug|Any CPU
		{BA022A7F-8862-4023-99E4-6F4949BCA005}.Debug|Any CPU.Build.0 = Debug|Any CPU
		{BA022A7F-8862-4023-99E4-6F4949BCA005}.Release|Any CPU.ActiveCfg = Release|Any CPU
		{BA022A7F-8862-4023-99E4-6F4949BCA005}.Release|Any CPU.Build.0 = Release|Any CPU
	EndGlobalSection
	GlobalSection(SolutionProperties) = preSolution
		HideSolutionNode = FALSE
	EndGlobalSection
	GlobalSection(ExtensibilityGlobals) = postSolution
		SolutionGuid = {ABB9387E-E039-4B29-802B-8BFEED4E7C2F}
	EndGlobalSection
EndGlobal
